
Microsoft Visual Studio Solution File, Format Version 12.00
# Visual Studio Version 16
VisualStudioVersion = 16.0.30804.86
MinimumVisualStudioVersion = 10.0.40219.1
Project("{FAE04EC0-301F-11D3-BF4B-00C04F79EFBC}") = "Calculator", "Calculator.csproj", "{9A250728-C617-4515-9FFD-44A71E10A6EE}"
EndProject
Global
	GlobalSection(SolutionConfigurationPlatforms) = preSolution
		Debug|Any CPU = Debug|Any CPU
		Release|Any CPU = Release|Any CPU
	EndGlobalSection
	GlobalSection(ProjectConfigurationPlatforms) = postSolution
		{9A250728-C617-4515-9FFD-44A71E10A6EE}.Debug|Any CPU.ActiveCfg = Debug|Any CPU
		{9A250728-C617-4515-9FFD-44A71E10A6EE}.Debug|Any CPU.Build.0 = Debug|Any CPU
		{9A250728-C617-4515-9FFD-44A71E10A6EE}.Release|Any CPU.ActiveCfg = Release|Any CPU
		{9A250728-C617-4515-9FFD-44A71E10A6EE}.Release|Any CPU.Build.0 = Release|Any CPU
	EndGlobalSection
	GlobalSection(SolutionProperties) = preSolution
		HideSolutionNode = FALSE
	EndGlobalSection
	GlobalSection(ExtensibilityGlobals) = postSolution
		SolutionGuid = {5C4FF7F6-3649-459F-B7C9-A1A0974FECC1}
	EndGlobalSection
EndGlobal
